
Microsoft Visual Studio Solution File, Format Version 12.00
# Visual Studio Version 16
VisualStudioVersion = 16.0.32002.261
MinimumVisualStudioVersion = 10.0.40219.1
Project("{8BC9CEB8-8B4A-11D0-8D11-00A0C91BC942}") = "ShTensors", "ShTensors.vcxproj", "{9BC5B12A-FEF8-4872-8767-077A6A0059C3}"
EndProject
Global
	GlobalSection(SolutionConfigurationPlatforms) = preSolution
		Debug|x64 = Debug|x64
		Debug|x86 = Debug|x86
		Release|x64 = Release|x64
		Release|x86 = Release|x86
	EndGlobalSection
	GlobalSection(ProjectConfigurationPlatforms) = postSolution
		{9BC5B12A-FEF8-4872-8767-077A6A0059C3}.Debug|x64.ActiveCfg = Debug|x64
		{9BC5B12A-FEF8-4872-8767-077A6A0059C3}.Debug|x64.Build.0 = Debug|x64
		{9BC5B12A-FEF8-4872-8767-077A6A0059C3}.Debug|x86.ActiveCfg = Debug|Win32
		{9BC5B12A-FEF8-4872-8767-077A6A0059C3}.Debug|x86.Build.0 = Debug|Win32
		{9BC5B12A-FEF8-4872-8767-077A6A0059C3}.Release|x64.ActiveCfg = Release|x64
		{9BC5B12A-FEF8-4872-8767-077A6A0059C3}.Release|x64.Build.0 = Release|x64
		{9BC5B12A-FEF8-4872-8767-077A6A0059C3}.Release|x86.ActiveCfg = Release|Win32
		{9BC5B12A-FEF8-4872-8767-077A6A0059C3}.Release|x86.Build.0 = Release|Win32
	EndGlobalSection
	GlobalSection(SolutionProperties) = preSolution
		HideSolutionNode = FALSE
	EndGlobalSection
	GlobalSection(ExtensibilityGlobals) = postSolution
		SolutionGuid = {6246327E-90DB-4AD8-BC65-DCB4F45BAB5C}
	EndGlobalSection
EndGlobal
